
Microsoft Visual Studio Solution File, Format Version 12.00
# Visual Studio Version 16
VisualStudioVersion = 16.0.33920.266
MinimumVisualStudioVersion = 10.0.40219.1
Project("{8BC9CEB8-8B4A-11D0-8D11-00A0C91BC942}") = "What_is_the_Median", "What_is_the_Median\What_is_the_Median.vcxproj", "{128A797C-A2B6-4099-9262-77D6D71C526C}"
EndProject
Global
	GlobalSection(SolutionConfigurationPlatforms) = preSolution
		Debug|x64 = Debug|x64
		Debug|x86 = Debug|x86
		Release|x64 = Release|x64
		Release|x86 = Release|x86
	EndGlobalSection
	GlobalSection(ProjectConfigurationPlatforms) = postSolution
		{128A797C-A2B6-4099-9262-77D6D71C526C}.Debug|x64.ActiveCfg = Debug|x64
		{128A797C-A2B6-4099-9262-77D6D71C526C}.Debug|x64.Build.0 = Debug|x64
		{128A797C-A2B6-4099-9262-77D6D71C526C}.Debug|x86.ActiveCfg = Debug|Win32
		{128A797C-A2B6-4099-9262-77D6D71C526C}.Debug|x86.Build.0 = Debug|Win32
		{128A797C-A2B6-4099-9262-77D6D71C526C}.Release|x64.ActiveCfg = Release|x64
		{128A797C-A2B6-4099-9262-77D6D71C526C}.Release|x64.Build.0 = Release|x64
		{128A797C-A2B6-4099-9262-77D6D71C526C}.Release|x86.ActiveCfg = Release|Win32
		{128A797C-A2B6-4099-9262-77D6D71C526C}.Release|x86.Build.0 = Release|Win32
	EndGlobalSection
	GlobalSection(SolutionProperties) = preSolution
		HideSolutionNode = FALSE
	EndGlobalSection
	GlobalSection(ExtensibilityGlobals) = postSolution
		SolutionGuid = {8EC5FA85-90A3-4DD6-B422-37069402B116}
	EndGlobalSection
EndGlobal
